
Microsoft Visual Studio Solution File, Format Version 12.00
# Visual Studio Version 17
VisualStudioVersion = 17.4.33103.184
MinimumVisualStudioVersion = 10.0.40219.1
Project("{FAE04EC0-301F-11D3-BF4B-00C04F79EFBC}") = "CapenexisStudents223", "CapenexisStudents223\CapenexisStudents223.csproj", "{68EE8DBC-2637-4AD9-82D6-93F7805DFA56}"
EndProject
Global
	GlobalSection(SolutionConfigurationPlatforms) = preSolution
		Debug|Any CPU = Debug|Any CPU
		Release|Any CPU = Release|Any CPU
	EndGlobalSection
	GlobalSection(ProjectConfigurationPlatforms) = postSolution
		{68EE8DBC-2637-4AD9-82D6-93F7805DFA56}.Debug|Any CPU.ActiveCfg = Debug|Any CPU
		{68EE8DBC-2637-4AD9-82D6-93F7805DFA56}.Debug|Any CPU.Build.0 = Debug|Any CPU
		{68EE8DBC-2637-4AD9-82D6-93F7805DFA56}.Release|Any CPU.ActiveCfg = Release|Any CPU
		{68EE8DBC-2637-4AD9-82D6-93F7805DFA56}.Release|Any CPU.Build.0 = Release|Any CPU
	EndGlobalSection
	GlobalSection(SolutionProperties) = preSolution
		HideSolutionNode = FALSE
	EndGlobalSection
	GlobalSection(ExtensibilityGlobals) = postSolution
		SolutionGuid = {53A81C63-DCBB-4C7E-994E-7DC554B58C07}
	EndGlobalSection
EndGlobal
